
Microsoft Visual Studio Solution File, Format Version 12.00
# Visual Studio 2013
VisualStudioVersion = 12.0.31101.0
MinimumVisualStudioVersion = 10.0.40219.1
Project("{FAE04EC0-301F-11D3-BF4B-00C04F79EFBC}") = "log4net.Raven", "log4net.Raven\log4net.Raven.csproj", "{A714DEDC-F5D8-4E7C-9260-CD7076C069B0}"
EndProject
Project("{FAE04EC0-301F-11D3-BF4B-00C04F79EFBC}") = "log4net.Raven.Tests", "log4net.Raven.Tests\log4net.Raven.Tests.csproj", "{D68DD3C3-A46E-464E-A236-2161D74EE3D3}"
EndProject
Project("{2150E333-8FDC-42A3-9474-1A3956D46DE8}") = ".nuget", ".nuget", "{C8466232-1A10-4DEA-9405-ADB64C79A9FD}"
	ProjectSection(SolutionItems) = preProject
		.nuget\NuGet.exe = .nuget\NuGet.exe
		.nuget\NuGet.targets = .nuget\NuGet.targets
	EndProjectSection
EndProject
Project("{FAE04EC0-301F-11D3-BF4B-00C04F79EFBC}") = "log4net.RavenTests", "log4net.RavenTests\log4net.RavenTests.csproj", "{624884FE-2ABF-4927-A7DB-67055EBA8A1A}"
EndProject
Global
	GlobalSection(SolutionConfigurationPlatforms) = preSolution
		Debug|Any CPU = Debug|Any CPU
		Release|Any CPU = Release|Any CPU
	EndGlobalSection
	GlobalSection(ProjectConfigurationPlatforms) = postSolution
		{A714DEDC-F5D8-4E7C-9260-CD7076C069B0}.Debug|Any CPU.ActiveCfg = Debug|Any CPU
		{A714DEDC-F5D8-4E7C-9260-CD7076C069B0}.Debug|Any CPU.Build.0 = Debug|Any CPU
		{A714DEDC-F5D8-4E7C-9260-CD7076C069B0}.Release|Any CPU.ActiveCfg = Release|Any CPU
		{A714DEDC-F5D8-4E7C-9260-CD7076C069B0}.Release|Any CPU.Build.0 = Release|Any CPU
		{D68DD3C3-A46E-464E-A236-2161D74EE3D3}.Debug|Any CPU.ActiveCfg = Debug|Any CPU
		{D68DD3C3-A46E-464E-A236-2161D74EE3D3}.Debug|Any CPU.Build.0 = Debug|Any CPU
		{D68DD3C3-A46E-464E-A236-2161D74EE3D3}.Release|Any CPU.ActiveCfg = Release|Any CPU
		{D68DD3C3-A46E-464E-A236-2161D74EE3D3}.Release|Any CPU.Build.0 = Release|Any CPU
		{624884FE-2ABF-4927-A7DB-67055EBA8A1A}.Debug|Any CPU.ActiveCfg = Debug|Any CPU
		{624884FE-2ABF-4927-A7DB-67055EBA8A1A}.Debug|Any CPU.Build.0 = Debug|Any CPU
		{624884FE-2ABF-4927-A7DB-67055EBA8A1A}.Release|Any CPU.ActiveCfg = Release|Any CPU
		{624884FE-2ABF-4927-A7DB-67055EBA8A1A}.Release|Any CPU.Build.0 = Release|Any CPU
	EndGlobalSection
	GlobalSection(SolutionProperties) = preSolution
		HideSolutionNode = FALSE
	EndGlobalSection
EndGlobal
